{
  "object": {
    "pins": [
      {
        "package": "SDWebImage",
        "repositoryURL": "git@github.com:SDWebImage/SDWebImage.git",
        "state": {
          "branch": null,
          "revision": "d6367439527663d2038ca445a3c3c4e4bac40d60",
          "version": "5.12.0"
        }
      }
    ]
  },
  "version": 1
}
